
Microsoft Visual Studio Solution File, Format Version 12.00
# Visual Studio Version 17
VisualStudioVersion = 17.8.34330.188
MinimumVisualStudioVersion = 10.0.40219.1
Project("{9A19103F-16F7-4668-BE54-9A1E7A4F7556}") = "GameLibrary", "GameLibrary\GameLibrary.csproj", "{18BE6919-FE76-482B-9D96-CA1ED277A595}"
EndProject
Project("{2150E333-8FDC-42A3-9474-1A3956D46DE8}") = "Document", "Document", "{564E47B4-B421-4AB5-AAFB-CCBD5A6120DE}"
	ProjectSection(SolutionItems) = preProject
		Broker.png = Broker.png
		GameLibrary.docx = GameLibrary.docx
		Library.png = Library.png
		README.md = README.md
		WECANCodeIT.png = WECANCodeIT.png
	EndProjectSection
EndProject
Project("{9A19103F-16F7-4668-BE54-9A1E7A4F7556}") = "GameDataLibrary", "GameDataLibrary\GameDataLibrary.csproj", "{C33DC8F4-706F-456C-8643-0CB960FBE537}"
EndProject
Project("{9A19103F-16F7-4668-BE54-9A1E7A4F7556}") = "GameService", "GameService\GameService.csproj", "{73AD13BE-0468-4DE4-B272-77DB1A2D8830}"
EndProject
Global
	GlobalSection(SolutionConfigurationPlatforms) = preSolution
		Debug|Any CPU = Debug|Any CPU
		Release|Any CPU = Release|Any CPU
	EndGlobalSection
	GlobalSection(ProjectConfigurationPlatforms) = postSolution
		{18BE6919-FE76-482B-9D96-CA1ED277A595}.Debug|Any CPU.ActiveCfg = Debug|Any CPU
		{18BE6919-FE76-482B-9D96-CA1ED277A595}.Debug|Any CPU.Build.0 = Debug|Any CPU
		{18BE6919-FE76-482B-9D96-CA1ED277A595}.Release|Any CPU.ActiveCfg = Release|Any CPU
		{18BE6919-FE76-482B-9D96-CA1ED277A595}.Release|Any CPU.Build.0 = Release|Any CPU
		{C33DC8F4-706F-456C-8643-0CB960FBE537}.Debug|Any CPU.ActiveCfg = Debug|Any CPU
		{C33DC8F4-706F-456C-8643-0CB960FBE537}.Debug|Any CPU.Build.0 = Debug|Any CPU
		{C33DC8F4-706F-456C-8643-0CB960FBE537}.Release|Any CPU.ActiveCfg = Release|Any CPU
		{C33DC8F4-706F-456C-8643-0CB960FBE537}.Release|Any CPU.Build.0 = Release|Any CPU
		{73AD13BE-0468-4DE4-B272-77DB1A2D8830}.Debug|Any CPU.ActiveCfg = Debug|Any CPU
		{73AD13BE-0468-4DE4-B272-77DB1A2D8830}.Debug|Any CPU.Build.0 = Debug|Any CPU
		{73AD13BE-0468-4DE4-B272-77DB1A2D8830}.Release|Any CPU.ActiveCfg = Release|Any CPU
		{73AD13BE-0468-4DE4-B272-77DB1A2D8830}.Release|Any CPU.Build.0 = Release|Any CPU
	EndGlobalSection
	GlobalSection(SolutionProperties) = preSolution
		HideSolutionNode = FALSE
	EndGlobalSection
	GlobalSection(ExtensibilityGlobals) = postSolution
		SolutionGuid = {698B3906-857B-4A7F-976A-8C8E99FA9140}
	EndGlobalSection
EndGlobal
